
Microsoft Visual Studio Solution File, Format Version 12.00
# Visual Studio Version 16
VisualStudioVersion = 16.0.30717.126
MinimumVisualStudioVersion = 10.0.40219.1
Project("{FAE04EC0-301F-11D3-BF4B-00C04F79EFBC}") = "Registro", "Registro\Registro.csproj", "{AA56284A-162E-402D-BB95-B79F12878884}"
EndProject
Global
	GlobalSection(SolutionConfigurationPlatforms) = preSolution
		Debug|Any CPU = Debug|Any CPU
		Release|Any CPU = Release|Any CPU
	EndGlobalSection
	GlobalSection(ProjectConfigurationPlatforms) = postSolution
		{AA56284A-162E-402D-BB95-B79F12878884}.Debug|Any CPU.ActiveCfg = Debug|Any CPU
		{AA56284A-162E-402D-BB95-B79F12878884}.Debug|Any CPU.Build.0 = Debug|Any CPU
		{AA56284A-162E-402D-BB95-B79F12878884}.Release|Any CPU.ActiveCfg = Release|Any CPU
		{AA56284A-162E-402D-BB95-B79F12878884}.Release|Any CPU.Build.0 = Release|Any CPU
	EndGlobalSection
	GlobalSection(SolutionProperties) = preSolution
		HideSolutionNode = FALSE
	EndGlobalSection
	GlobalSection(ExtensibilityGlobals) = postSolution
		SolutionGuid = {4BCB8F45-72DA-4F14-9D53-39B53B64A7A7}
	EndGlobalSection
EndGlobal
